
Microsoft Visual Studio Solution File, Format Version 12.00
# Visual Studio Version 17
VisualStudioVersion = 17.13.35825.156
MinimumVisualStudioVersion = 10.0.40219.1
Project("{FAE04EC0-301F-11D3-BF4B-00C04F79EFBC}") = "Ayra.Domain", "Ayra.Domain\Ayra.Domain.csproj", "{4469017D-8B81-4AB9-A7D8-7B1DDB50E920}"
EndProject
Project("{FAE04EC0-301F-11D3-BF4B-00C04F79EFBC}") = "Ayra.Application", "Ayra.Application\Ayra.Application.csproj", "{598D7B1A-D89E-4122-B66F-BF12873A2737}"
EndProject
Project("{FAE04EC0-301F-11D3-BF4B-00C04F79EFBC}") = "Ayra.Infrastructure", "Ayra.Infrastructure\Ayra.Infrastructure.csproj", "{5BC4E7D1-2276-4532-892C-0677A16D83EF}"
EndProject
Project("{FAE04EC0-301F-11D3-BF4B-00C04F79EFBC}") = "Ayra.Api", "Ayra.Api\Ayra.Api.csproj", "{7D3E5E0E-C3BF-42D5-BEEC-F19C0721D5A9}"
EndProject
Global
	GlobalSection(SolutionConfigurationPlatforms) = preSolution
		Debug|Any CPU = Debug|Any CPU
		Debug|x64 = Debug|x64
		Debug|x86 = Debug|x86
		Release|Any CPU = Release|Any CPU
		Release|x64 = Release|x64
		Release|x86 = Release|x86
	EndGlobalSection
	GlobalSection(ProjectConfigurationPlatforms) = postSolution
		{4469017D-8B81-4AB9-A7D8-7B1DDB50E920}.Debug|Any CPU.ActiveCfg = Debug|Any CPU
		{4469017D-8B81-4AB9-A7D8-7B1DDB50E920}.Debug|Any CPU.Build.0 = Debug|Any CPU
		{4469017D-8B81-4AB9-A7D8-7B1DDB50E920}.Debug|x64.ActiveCfg = Debug|Any CPU
		{4469017D-8B81-4AB9-A7D8-7B1DDB50E920}.Debug|x64.Build.0 = Debug|Any CPU
		{4469017D-8B81-4AB9-A7D8-7B1DDB50E920}.Debug|x86.ActiveCfg = Debug|Any CPU
		{4469017D-8B81-4AB9-A7D8-7B1DDB50E920}.Debug|x86.Build.0 = Debug|Any CPU
		{4469017D-8B81-4AB9-A7D8-7B1DDB50E920}.Release|Any CPU.ActiveCfg = Release|Any CPU
		{4469017D-8B81-4AB9-A7D8-7B1DDB50E920}.Release|Any CPU.Build.0 = Release|Any CPU
		{4469017D-8B81-4AB9-A7D8-7B1DDB50E920}.Release|x64.ActiveCfg = Release|Any CPU
		{4469017D-8B81-4AB9-A7D8-7B1DDB50E920}.Release|x64.Build.0 = Release|Any CPU
		{4469017D-8B81-4AB9-A7D8-7B1DDB50E920}.Release|x86.ActiveCfg = Release|Any CPU
		{4469017D-8B81-4AB9-A7D8-7B1DDB50E920}.Release|x86.Build.0 = Release|Any CPU
		{598D7B1A-D89E-4122-B66F-BF12873A2737}.Debug|Any CPU.ActiveCfg = Debug|Any CPU
		{598D7B1A-D89E-4122-B66F-BF12873A2737}.Debug|Any CPU.Build.0 = Debug|Any CPU
		{598D7B1A-D89E-4122-B66F-BF12873A2737}.Debug|x64.ActiveCfg = Debug|Any CPU
		{598D7B1A-D89E-4122-B66F-BF12873A2737}.Debug|x64.Build.0 = Debug|Any CPU
		{598D7B1A-D89E-4122-B66F-BF12873A2737}.Debug|x86.ActiveCfg = Debug|Any CPU
		{598D7B1A-D89E-4122-B66F-BF12873A2737}.Debug|x86.Build.0 = Debug|Any CPU
		{598D7B1A-D89E-4122-B66F-BF12873A2737}.Release|Any CPU.ActiveCfg = Release|Any CPU
		{598D7B1A-D89E-4122-B66F-BF12873A2737}.Release|Any CPU.Build.0 = Release|Any CPU
		{598D7B1A-D89E-4122-B66F-BF12873A2737}.Release|x64.ActiveCfg = Release|Any CPU
		{598D7B1A-D89E-4122-B66F-BF12873A2737}.Release|x64.Build.0 = Release|Any CPU
		{598D7B1A-D89E-4122-B66F-BF12873A2737}.Release|x86.ActiveCfg = Release|Any CPU
		{598D7B1A-D89E-4122-B66F-BF12873A2737}.Release|x86.Build.0 = Release|Any CPU
		{5BC4E7D1-2276-4532-892C-0677A16D83EF}.Debug|Any CPU.ActiveCfg = Debug|Any CPU
		{5BC4E7D1-2276-4532-892C-0677A16D83EF}.Debug|Any CPU.Build.0 = Debug|Any CPU
		{5BC4E7D1-2276-4532-892C-0677A16D83EF}.Debug|x64.ActiveCfg = Debug|Any CPU
		{5BC4E7D1-2276-4532-892C-0677A16D83EF}.Debug|x64.Build.0 = Debug|Any CPU
		{5BC4E7D1-2276-4532-892C-0677A16D83EF}.Debug|x86.ActiveCfg = Debug|Any CPU
		{5BC4E7D1-2276-4532-892C-0677A16D83EF}.Debug|x86.Build.0 = Debug|Any CPU
		{5BC4E7D1-2276-4532-892C-0677A16D83EF}.Release|Any CPU.ActiveCfg = Release|Any CPU
		{5BC4E7D1-2276-4532-892C-0677A16D83EF}.Release|Any CPU.Build.0 = Release|Any CPU
		{5BC4E7D1-2276-4532-892C-0677A16D83EF}.Release|x64.ActiveCfg = Release|Any CPU
		{5BC4E7D1-2276-4532-892C-0677A16D83EF}.Release|x64.Build.0 = Release|Any CPU
		{5BC4E7D1-2276-4532-892C-0677A16D83EF}.Release|x86.ActiveCfg = Release|Any CPU
		{5BC4E7D1-2276-4532-892C-0677A16D83EF}.Release|x86.Build.0 = Release|Any CPU
		{7D3E5E0E-C3BF-42D5-BEEC-F19C0721D5A9}.Debug|Any CPU.ActiveCfg = Debug|Any CPU
		{7D3E5E0E-C3BF-42D5-BEEC-F19C0721D5A9}.Debug|Any CPU.Build.0 = Debug|Any CPU
		{7D3E5E0E-C3BF-42D5-BEEC-F19C0721D5A9}.Debug|x64.ActiveCfg = Debug|Any CPU
		{7D3E5E0E-C3BF-42D5-BEEC-F19C0721D5A9}.Debug|x64.Build.0 = Debug|Any CPU
		{7D3E5E0E-C3BF-42D5-BEEC-F19C0721D5A9}.Debug|x86.ActiveCfg = Debug|Any CPU
		{7D3E5E0E-C3BF-42D5-BEEC-F19C0721D5A9}.Debug|x86.Build.0 = Debug|Any CPU
		{7D3E5E0E-C3BF-42D5-BEEC-F19C0721D5A9}.Release|Any CPU.ActiveCfg = Release|Any CPU
		{7D3E5E0E-C3BF-42D5-BEEC-F19C0721D5A9}.Release|Any CPU.Build.0 = Release|Any CPU
		{7D3E5E0E-C3BF-42D5-BEEC-F19C0721D5A9}.Release|x64.ActiveCfg = Release|Any CPU
		{7D3E5E0E-C3BF-42D5-BEEC-F19C0721D5A9}.Release|x64.Build.0 = Release|Any CPU
		{7D3E5E0E-C3BF-42D5-BEEC-F19C0721D5A9}.Release|x86.ActiveCfg = Release|Any CPU
		{7D3E5E0E-C3BF-42D5-BEEC-F19C0721D5A9}.Release|x86.Build.0 = Release|Any CPU
	EndGlobalSection
	GlobalSection(SolutionProperties) = preSolution
		HideSolutionNode = FALSE
	EndGlobalSection
	GlobalSection(ExtensibilityGlobals) = postSolution
		SolutionGuid = {B066A082-1C97-478E-B78A-5F7C119FA7E0}
	EndGlobalSection
EndGlobal
